
Microsoft Visual Studio Solution File, Format Version 12.00
# Visual Studio Version 17
VisualStudioVersion = 17.3.32929.385
MinimumVisualStudioVersion = 10.0.40219.1
Project("{9A19103F-16F7-4668-BE54-9A1E7A4F7556}") = "CRM.UI.Layer", "CRM.UI.Layer\CRM.UI.Layer.csproj", "{1121A29E-F7D1-4AA5-9C4F-202CD828D47A}"
EndProject
Project("{FAE04EC0-301F-11D3-BF4B-00C04F79EFBC}") = "CRM.Entity.Layer", "CRM.Entity.Layer\CRM.Entity.Layer.csproj", "{1DC47B00-F717-49A8-8285-403B72864039}"
EndProject
Global
	GlobalSection(SolutionConfigurationPlatforms) = preSolution
		Debug|Any CPU = Debug|Any CPU
		Release|Any CPU = Release|Any CPU
	EndGlobalSection
	GlobalSection(ProjectConfigurationPlatforms) = postSolution
		{1121A29E-F7D1-4AA5-9C4F-202CD828D47A}.Debug|Any CPU.ActiveCfg = Debug|Any CPU
		{1121A29E-F7D1-4AA5-9C4F-202CD828D47A}.Debug|Any CPU.Build.0 = Debug|Any CPU
		{1121A29E-F7D1-4AA5-9C4F-202CD828D47A}.Release|Any CPU.ActiveCfg = Release|Any CPU
		{1121A29E-F7D1-4AA5-9C4F-202CD828D47A}.Release|Any CPU.Build.0 = Release|Any CPU
		{1DC47B00-F717-49A8-8285-403B72864039}.Debug|Any CPU.ActiveCfg = Debug|Any CPU
		{1DC47B00-F717-49A8-8285-403B72864039}.Debug|Any CPU.Build.0 = Debug|Any CPU
		{1DC47B00-F717-49A8-8285-403B72864039}.Release|Any CPU.ActiveCfg = Release|Any CPU
		{1DC47B00-F717-49A8-8285-403B72864039}.Release|Any CPU.Build.0 = Release|Any CPU
	EndGlobalSection
	GlobalSection(SolutionProperties) = preSolution
		HideSolutionNode = FALSE
	EndGlobalSection
	GlobalSection(ExtensibilityGlobals) = postSolution
		SolutionGuid = {E376F347-F43A-419C-A468-629814DA4809}
	EndGlobalSection
EndGlobal
